
Microsoft Visual Studio Solution File, Format Version 12.00
# Visual Studio Version 16
VisualStudioVersion = 16.0.32228.343
MinimumVisualStudioVersion = 10.0.40219.1
Project("{9A19103F-16F7-4668-BE54-9A1E7A4F7556}") = "weather-retrieval", "weather-retrieval.csproj", "{CF2BA343-2830-460D-95F1-4B3260F5A4D0}"
EndProject
Project("{FAE04EC0-301F-11D3-BF4B-00C04F79EFBC}") = "Data", "..\Data\Data.csproj", "{8AF953A2-E7C3-46CF-B5E7-8EE510C046E7}"
EndProject
Project("{FAE04EC0-301F-11D3-BF4B-00C04F79EFBC}") = "Common", "..\Common\Common.csproj", "{9E3BB7CC-6501-4E36-B66E-7D550CBE1997}"
EndProject
Global
	GlobalSection(SolutionConfigurationPlatforms) = preSolution
		Debug|Any CPU = Debug|Any CPU
		Release|Any CPU = Release|Any CPU
	EndGlobalSection
	GlobalSection(ProjectConfigurationPlatforms) = postSolution
		{CF2BA343-2830-460D-95F1-4B3260F5A4D0}.Debug|Any CPU.ActiveCfg = Debug|Any CPU
		{CF2BA343-2830-460D-95F1-4B3260F5A4D0}.Debug|Any CPU.Build.0 = Debug|Any CPU
		{CF2BA343-2830-460D-95F1-4B3260F5A4D0}.Release|Any CPU.ActiveCfg = Release|Any CPU
		{CF2BA343-2830-460D-95F1-4B3260F5A4D0}.Release|Any CPU.Build.0 = Release|Any CPU
		{8AF953A2-E7C3-46CF-B5E7-8EE510C046E7}.Debug|Any CPU.ActiveCfg = Debug|Any CPU
		{8AF953A2-E7C3-46CF-B5E7-8EE510C046E7}.Debug|Any CPU.Build.0 = Debug|Any CPU
		{8AF953A2-E7C3-46CF-B5E7-8EE510C046E7}.Release|Any CPU.ActiveCfg = Release|Any CPU
		{8AF953A2-E7C3-46CF-B5E7-8EE510C046E7}.Release|Any CPU.Build.0 = Release|Any CPU
		{9E3BB7CC-6501-4E36-B66E-7D550CBE1997}.Debug|Any CPU.ActiveCfg = Debug|Any CPU
		{9E3BB7CC-6501-4E36-B66E-7D550CBE1997}.Debug|Any CPU.Build.0 = Debug|Any CPU
		{9E3BB7CC-6501-4E36-B66E-7D550CBE1997}.Release|Any CPU.ActiveCfg = Release|Any CPU
		{9E3BB7CC-6501-4E36-B66E-7D550CBE1997}.Release|Any CPU.Build.0 = Release|Any CPU
	EndGlobalSection
	GlobalSection(SolutionProperties) = preSolution
		HideSolutionNode = FALSE
	EndGlobalSection
	GlobalSection(ExtensibilityGlobals) = postSolution
		SolutionGuid = {FF45081A-23D0-4038-8BB7-F320867A2B4F}
	EndGlobalSection
EndGlobal
